
Microsoft Visual Studio Solution File, Format Version 12.00
# Visual Studio Express 2013 for Web
VisualStudioVersion = 12.0.30723.0
MinimumVisualStudioVersion = 10.0.40219.1
Project("{FAE04EC0-301F-11D3-BF4B-00C04F79EFBC}") = "Form_MVC", "Form_MVC\Form_MVC.csproj", "{578EB98E-5B39-49E6-9996-54DF08647BB1}"
	ProjectSection(ProjectDependencies) = postProject
		{F148B9EE-EB34-4F1B-95A2-D9D1B370C640} = {F148B9EE-EB34-4F1B-95A2-D9D1B370C640}
	EndProjectSection
EndProject
Project("{FAE04EC0-301F-11D3-BF4B-00C04F79EFBC}") = "EntityModels", "EntityModels\EntityModels.csproj", "{A8C20CB5-9D05-41ED-A8AA-F2994FD60BDA}"
EndProject
Project("{FAE04EC0-301F-11D3-BF4B-00C04F79EFBC}") = "From_WCF", "From_WCF\From_WCF.csproj", "{F148B9EE-EB34-4F1B-95A2-D9D1B370C640}"
EndProject
Global
	GlobalSection(SolutionConfigurationPlatforms) = preSolution
		Debug|Any CPU = Debug|Any CPU
		Release|Any CPU = Release|Any CPU
	EndGlobalSection
	GlobalSection(ProjectConfigurationPlatforms) = postSolution
		{578EB98E-5B39-49E6-9996-54DF08647BB1}.Debug|Any CPU.ActiveCfg = Debug|Any CPU
		{578EB98E-5B39-49E6-9996-54DF08647BB1}.Debug|Any CPU.Build.0 = Debug|Any CPU
		{578EB98E-5B39-49E6-9996-54DF08647BB1}.Release|Any CPU.ActiveCfg = Release|Any CPU
		{578EB98E-5B39-49E6-9996-54DF08647BB1}.Release|Any CPU.Build.0 = Release|Any CPU
		{A8C20CB5-9D05-41ED-A8AA-F2994FD60BDA}.Debug|Any CPU.ActiveCfg = Debug|Any CPU
		{A8C20CB5-9D05-41ED-A8AA-F2994FD60BDA}.Debug|Any CPU.Build.0 = Debug|Any CPU
		{A8C20CB5-9D05-41ED-A8AA-F2994FD60BDA}.Release|Any CPU.ActiveCfg = Release|Any CPU
		{A8C20CB5-9D05-41ED-A8AA-F2994FD60BDA}.Release|Any CPU.Build.0 = Release|Any CPU
		{F148B9EE-EB34-4F1B-95A2-D9D1B370C640}.Debug|Any CPU.ActiveCfg = Debug|Any CPU
		{F148B9EE-EB34-4F1B-95A2-D9D1B370C640}.Debug|Any CPU.Build.0 = Debug|Any CPU
		{F148B9EE-EB34-4F1B-95A2-D9D1B370C640}.Release|Any CPU.ActiveCfg = Release|Any CPU
		{F148B9EE-EB34-4F1B-95A2-D9D1B370C640}.Release|Any CPU.Build.0 = Release|Any CPU
	EndGlobalSection
	GlobalSection(SolutionProperties) = preSolution
		HideSolutionNode = FALSE
	EndGlobalSection
EndGlobal
